<?xml version="1.0" encoding="utf-8"?>
<Project ToolsVersion="18.0" xmlns="http://schemas.microsoft.com/developer/msbuild/2003">
  <ItemGroup>
    <ClCompile Include="C:\Users\Usuario\1 Star\build\CMakeFiles\1Star.dir\cmake_pch.cxx">
      <Filter>Source Files</Filter>
    </ClCompile>
    <ClCompile Include="C:\Users\Usuario\1 Star\src\main.cpp">
      <Filter>Source Files</Filter>
    </ClCompile>
    <ClCompile Include="C:\Users\Usuario\AppData\Local\GeodeSDK\entry.cpp">
      <Filter>Source Files</Filter>
    </ClCompile>
  </ItemGroup>
  <ItemGroup>
    <ClInclude Include="C:\Users\Usuario\1 Star\build\CMakeFiles\1Star.dir\Debug\cmake_pch.hxx">
      <Filter>Precompile Header File</Filter>
    </ClInclude>
    <ClInclude Include="C:\Users\Usuario\1 Star\build\CMakeFiles\1Star.dir\Release\cmake_pch.hxx">
      <Filter>Precompile Header File</Filter>
    </ClInclude>
    <ClInclude Include="C:\Users\Usuario\1 Star\build\CMakeFiles\1Star.dir\MinSizeRel\cmake_pch.hxx">
      <Filter>Precompile Header File</Filter>
    </ClInclude>
    <ClInclude Include="C:\Users\Usuario\1 Star\build\CMakeFiles\1Star.dir\RelWithDebInfo\cmake_pch.hxx">
      <Filter>Precompile Header File</Filter>
    </ClInclude>
    <ClInclude Include="C:\Users\Usuario\1 Star\build\_deps\nontype_functional-src\include\std23\function_ref.h">
      <Filter>Header Files</Filter>
    </ClInclude>
    <ClInclude Include="C:\Users\Usuario\1 Star\build\_deps\nontype_functional-src\include\std23\function.h">
      <Filter>Header Files</Filter>
    </ClInclude>
    <ClInclude Include="C:\Users\Usuario\1 Star\build\_deps\nontype_functional-src\include\std23\move_only_function.h">
      <Filter>Header Files</Filter>
    </ClInclude>
    <ClInclude Include="C:\Users\Usuario\1 Star\build\_deps\nontype_functional-src\include\std23\__functional_base.h">
      <Filter>Header Files</Filter>
    </ClInclude>
  </ItemGroup>
  <ItemGroup>
    <CustomBuild Include="C:\Users\Usuario\1 Star\CMakeLists.txt" />
  </ItemGroup>
  <ItemGroup>
    <Filter Include="Header Files">
      <UniqueIdentifier>{96302E05-0A4D-312F-A76D-1F42B445A311}</UniqueIdentifier>
    </Filter>
    <Filter Include="Precompile Header File">
      <UniqueIdentifier>{315658DA-DE80-3D2D-9ABC-6AA8BA430BE2}</UniqueIdentifier>
    </Filter>
    <Filter Include="Source Files">
      <UniqueIdentifier>{052FAD3D-A345-3C27-9CF9-24FBC142CCBC}</UniqueIdentifier>
    </Filter>
  </ItemGroup>
</Project>
