<?xml version="1.0" encoding="utf-8"?>
<Project ToolsVersion="18.0" xmlns="http://schemas.microsoft.com/developer/msbuild/2003">
  <ItemGroup>
    <CustomBuild Include="C:\Users\Usuario\1 Star\build\CMakeFiles\8d5afb919c249305c94e24801137ba4a\1Star_PACKAGE.rule">
      <Filter>CMake Rules</Filter>
    </CustomBuild>
    <CustomBuild Include="C:\Users\Usuario\1 Star\CMakeLists.txt" />
  </ItemGroup>
  <ItemGroup>
    <None Include="C:\Users\Usuario\1 Star\build\CMakeFiles\1Star_PACKAGE" />
  </ItemGroup>
  <ItemGroup>
    <Filter Include="CMake Rules">
      <UniqueIdentifier>{6CCB6652-4A29-3711-9242-EB8360707EFC}</UniqueIdentifier>
    </Filter>
  </ItemGroup>
</Project>
